
Microsoft Visual Studio Solution File, Format Version 12.00
# Visual Studio 15
VisualStudioVersion = 15.0.28010.2046
MinimumVisualStudioVersion = 10.0.40219.1
Project("{FAE04EC0-301F-11D3-BF4B-00C04F79EFBC}") = "NhatDaiShop.Common", "NhatDaiShop.Common\NhatDaiShop.Common.csproj", "{A758E552-ABCB-4E5B-BA38-97F27520E475}"
EndProject
Project("{FAE04EC0-301F-11D3-BF4B-00C04F79EFBC}") = "NhatDaiShop.Model", "NhatDaiShop.Model\NhatDaiShop.Model.csproj", "{8C0C35EF-0711-48DC-9964-5C6609508294}"
EndProject
Project("{FAE04EC0-301F-11D3-BF4B-00C04F79EFBC}") = "NhatDaiShop.Data", "NhatDaiShop.Data\NhatDaiShop.Data.csproj", "{C398A058-5F17-4CA9-82A2-645C80AA97D7}"
EndProject
Project("{FAE04EC0-301F-11D3-BF4B-00C04F79EFBC}") = "NhatDaiShop.Service", "NhatDaiShop.Service\NhatDaiShop.Service.csproj", "{28E735D6-FE89-432A-9ED6-CC3C20F8AA99}"
EndProject
Project("{FAE04EC0-301F-11D3-BF4B-00C04F79EFBC}") = "NhatDaiShop.UnitTest", "NhatDaiShop.UnitTest\NhatDaiShop.UnitTest.csproj", "{06321EC3-9941-4CD3-B981-035EAD5E5441}"
EndProject
Project("{FAE04EC0-301F-11D3-BF4B-00C04F79EFBC}") = "NhatDaiShop.Web", "NhatDaiShop.Web\NhatDaiShop.Web.csproj", "{2577266A-9B51-4008-BA8B-67F1878100E5}"
EndProject
Global
	GlobalSection(SolutionConfigurationPlatforms) = preSolution
		Debug|Any CPU = Debug|Any CPU
		Release|Any CPU = Release|Any CPU
	EndGlobalSection
	GlobalSection(ProjectConfigurationPlatforms) = postSolution
		{A758E552-ABCB-4E5B-BA38-97F27520E475}.Debug|Any CPU.ActiveCfg = Debug|Any CPU
		{A758E552-ABCB-4E5B-BA38-97F27520E475}.Debug|Any CPU.Build.0 = Debug|Any CPU
		{A758E552-ABCB-4E5B-BA38-97F27520E475}.Release|Any CPU.ActiveCfg = Release|Any CPU
		{A758E552-ABCB-4E5B-BA38-97F27520E475}.Release|Any CPU.Build.0 = Release|Any CPU
		{8C0C35EF-0711-48DC-9964-5C6609508294}.Debug|Any CPU.ActiveCfg = Debug|Any CPU
		{8C0C35EF-0711-48DC-9964-5C6609508294}.Debug|Any CPU.Build.0 = Debug|Any CPU
		{8C0C35EF-0711-48DC-9964-5C6609508294}.Release|Any CPU.ActiveCfg = Release|Any CPU
		{8C0C35EF-0711-48DC-9964-5C6609508294}.Release|Any CPU.Build.0 = Release|Any CPU
		{C398A058-5F17-4CA9-82A2-645C80AA97D7}.Debug|Any CPU.ActiveCfg = Debug|Any CPU
		{C398A058-5F17-4CA9-82A2-645C80AA97D7}.Debug|Any CPU.Build.0 = Debug|Any CPU
		{C398A058-5F17-4CA9-82A2-645C80AA97D7}.Release|Any CPU.ActiveCfg = Release|Any CPU
		{C398A058-5F17-4CA9-82A2-645C80AA97D7}.Release|Any CPU.Build.0 = Release|Any CPU
		{28E735D6-FE89-432A-9ED6-CC3C20F8AA99}.Debug|Any CPU.ActiveCfg = Debug|Any CPU
		{28E735D6-FE89-432A-9ED6-CC3C20F8AA99}.Debug|Any CPU.Build.0 = Debug|Any CPU
		{28E735D6-FE89-432A-9ED6-CC3C20F8AA99}.Release|Any CPU.ActiveCfg = Release|Any CPU
		{28E735D6-FE89-432A-9ED6-CC3C20F8AA99}.Release|Any CPU.Build.0 = Release|Any CPU
		{06321EC3-9941-4CD3-B981-035EAD5E5441}.Debug|Any CPU.ActiveCfg = Debug|Any CPU
		{06321EC3-9941-4CD3-B981-035EAD5E5441}.Debug|Any CPU.Build.0 = Debug|Any CPU
		{06321EC3-9941-4CD3-B981-035EAD5E5441}.Release|Any CPU.ActiveCfg = Release|Any CPU
		{06321EC3-9941-4CD3-B981-035EAD5E5441}.Release|Any CPU.Build.0 = Release|Any CPU
		{2577266A-9B51-4008-BA8B-67F1878100E5}.Debug|Any CPU.ActiveCfg = Debug|Any CPU
		{2577266A-9B51-4008-BA8B-67F1878100E5}.Debug|Any CPU.Build.0 = Debug|Any CPU
		{2577266A-9B51-4008-BA8B-67F1878100E5}.Release|Any CPU.ActiveCfg = Release|Any CPU
		{2577266A-9B51-4008-BA8B-67F1878100E5}.Release|Any CPU.Build.0 = Release|Any CPU
	EndGlobalSection
	GlobalSection(SolutionProperties) = preSolution
		HideSolutionNode = FALSE
	EndGlobalSection
	GlobalSection(ExtensibilityGlobals) = postSolution
		SolutionGuid = {D226545B-CA0E-4A26-9E28-5E5E5916AFF0}
	EndGlobalSection
EndGlobal
